
Microsoft Visual Studio Solution File, Format Version 12.00
# Visual Studio 15
VisualStudioVersion = 15.0.28010.2046
MinimumVisualStudioVersion = 10.0.40219.1
Project("{FAE04EC0-301F-11D3-BF4B-00C04F79EFBC}") = "HelloWorld", "HelloWorld\HelloWorld.csproj", "{87332DE7-CA2D-4049-AB78-6ADED16AA5C2}"
EndProject
Global
	GlobalSection(SolutionConfigurationPlatforms) = preSolution
		Debug|Any CPU = Debug|Any CPU
		Release|Any CPU = Release|Any CPU
	EndGlobalSection
	GlobalSection(ProjectConfigurationPlatforms) = postSolution
		{87332DE7-CA2D-4049-AB78-6ADED16AA5C2}.Debug|Any CPU.ActiveCfg = Debug|Any CPU
		{87332DE7-CA2D-4049-AB78-6ADED16AA5C2}.Debug|Any CPU.Build.0 = Debug|Any CPU
		{87332DE7-CA2D-4049-AB78-6ADED16AA5C2}.Release|Any CPU.ActiveCfg = Release|Any CPU
		{87332DE7-CA2D-4049-AB78-6ADED16AA5C2}.Release|Any CPU.Build.0 = Release|Any CPU
	EndGlobalSection
	GlobalSection(SolutionProperties) = preSolution
		HideSolutionNode = FALSE
	EndGlobalSection
	GlobalSection(ExtensibilityGlobals) = postSolution
		SolutionGuid = {1479D902-BAA6-4FFE-84EB-0E62D2399E85}
	EndGlobalSection
EndGlobal
